
Microsoft Visual Studio Solution File, Format Version 12.00
# Visual Studio Version 17
VisualStudioVersion = 17.14.35821.62
MinimumVisualStudioVersion = 10.0.40219.1
Project("{FAE04EC0-301F-11D3-BF4B-00C04F79EFBC}") = "JustAnAiAgent", "JustAnAiAgent\JustAnAiAgent.csproj", "{7316F962-EB47-4FB4-8890-26ECDAF87B9E}"
EndProject
Project("{2150E333-8FDC-42A3-9474-1A3956D46DE8}") = "Solution Items", "Solution Items", "{8EC462FD-D22E-90A8-E5CE-7E832BA40C5D}"
	ProjectSection(SolutionItems) = preProject
		Readme.md = Readme.md
	EndProjectSection
EndProject
Project("{FAE04EC0-301F-11D3-BF4B-00C04F79EFBC}") = "JustAnAiAgent.Data", "JustAnAiAgent.Data\JustAnAiAgent.Data.csproj", "{84A8829F-998E-45E0-8AB5-4E433AF1D86F}"
EndProject
Project("{FAE04EC0-301F-11D3-BF4B-00C04F79EFBC}") = "JustAnAiAgent.Services", "JustAnAiAgent.Services\JustAnAiAgent.Services.csproj", "{7E0099F0-EC8E-47AF-93A2-00D048CF518C}"
EndProject
Project("{FAE04EC0-301F-11D3-BF4B-00C04F79EFBC}") = "JustAnAiAgent.Providers", "JustAnAiAgent.Providers\JustAnAiAgent.Providers.csproj", "{71F13764-5108-4674-8D65-99427F2C84F5}"
EndProject
Project("{FAE04EC0-301F-11D3-BF4B-00C04F79EFBC}") = "JustAnAiAgent.Api", "JustAnAiAgent.Api\JustAnAiAgent.Api.csproj", "{87CFF909-0385-4C8C-B201-B0E538807192}"
EndProject
Project("{FAE04EC0-301F-11D3-BF4B-00C04F79EFBC}") = "JustAnAiAjent.Objects", "JustAnAiAjent.Objects\JustAnAiAjent.Objects.csproj", "{BE34B7C7-3F6B-4681-9F23-1B49AA486E55}"
EndProject
Global
	GlobalSection(SolutionConfigurationPlatforms) = preSolution
		Debug|Any CPU = Debug|Any CPU
		Release|Any CPU = Release|Any CPU
	EndGlobalSection
	GlobalSection(ProjectConfigurationPlatforms) = postSolution
		{7316F962-EB47-4FB4-8890-26ECDAF87B9E}.Debug|Any CPU.ActiveCfg = Debug|Any CPU
		{7316F962-EB47-4FB4-8890-26ECDAF87B9E}.Debug|Any CPU.Build.0 = Debug|Any CPU
		{7316F962-EB47-4FB4-8890-26ECDAF87B9E}.Release|Any CPU.ActiveCfg = Release|Any CPU
		{7316F962-EB47-4FB4-8890-26ECDAF87B9E}.Release|Any CPU.Build.0 = Release|Any CPU
		{84A8829F-998E-45E0-8AB5-4E433AF1D86F}.Debug|Any CPU.ActiveCfg = Debug|Any CPU
		{84A8829F-998E-45E0-8AB5-4E433AF1D86F}.Debug|Any CPU.Build.0 = Debug|Any CPU
		{84A8829F-998E-45E0-8AB5-4E433AF1D86F}.Release|Any CPU.ActiveCfg = Release|Any CPU
		{84A8829F-998E-45E0-8AB5-4E433AF1D86F}.Release|Any CPU.Build.0 = Release|Any CPU
		{7E0099F0-EC8E-47AF-93A2-00D048CF518C}.Debug|Any CPU.ActiveCfg = Debug|Any CPU
		{7E0099F0-EC8E-47AF-93A2-00D048CF518C}.Debug|Any CPU.Build.0 = Debug|Any CPU
		{7E0099F0-EC8E-47AF-93A2-00D048CF518C}.Release|Any CPU.ActiveCfg = Release|Any CPU
		{7E0099F0-EC8E-47AF-93A2-00D048CF518C}.Release|Any CPU.Build.0 = Release|Any CPU
		{71F13764-5108-4674-8D65-99427F2C84F5}.Debug|Any CPU.ActiveCfg = Debug|Any CPU
		{71F13764-5108-4674-8D65-99427F2C84F5}.Debug|Any CPU.Build.0 = Debug|Any CPU
		{71F13764-5108-4674-8D65-99427F2C84F5}.Release|Any CPU.ActiveCfg = Release|Any CPU
		{71F13764-5108-4674-8D65-99427F2C84F5}.Release|Any CPU.Build.0 = Release|Any CPU
		{87CFF909-0385-4C8C-B201-B0E538807192}.Debug|Any CPU.ActiveCfg = Debug|Any CPU
		{87CFF909-0385-4C8C-B201-B0E538807192}.Debug|Any CPU.Build.0 = Debug|Any CPU
		{87CFF909-0385-4C8C-B201-B0E538807192}.Release|Any CPU.ActiveCfg = Release|Any CPU
		{87CFF909-0385-4C8C-B201-B0E538807192}.Release|Any CPU.Build.0 = Release|Any CPU
		{BE34B7C7-3F6B-4681-9F23-1B49AA486E55}.Debug|Any CPU.ActiveCfg = Debug|Any CPU
		{BE34B7C7-3F6B-4681-9F23-1B49AA486E55}.Debug|Any CPU.Build.0 = Debug|Any CPU
		{BE34B7C7-3F6B-4681-9F23-1B49AA486E55}.Release|Any CPU.ActiveCfg = Release|Any CPU
		{BE34B7C7-3F6B-4681-9F23-1B49AA486E55}.Release|Any CPU.Build.0 = Release|Any CPU
	EndGlobalSection
	GlobalSection(SolutionProperties) = preSolution
		HideSolutionNode = FALSE
	EndGlobalSection
	GlobalSection(ExtensibilityGlobals) = postSolution
		SolutionGuid = {1014C61A-623B-4113-9CA1-B0DFCE03D971}
	EndGlobalSection
EndGlobal
